PODS:
  - BigInt (3.1.0):
    - SipHash (~> 1.2)
  - CommonSwift (1.0.0):
    - BigInt
  - ScaleCodecSwift (1.0.0):
    - BigInt (~> 3.1)
    - CommonSwift
  - SipHash (1.2.2)

DEPENDENCIES:
  - BigInt
  - CommonSwift (from `https://github.com/sublabdev/common-swift.git`, branch `dev`)
  - ScaleCodecSwift (from `../`)

SPEC REPOS:
  trunk:
    - BigInt
    - SipHash

EXTERNAL SOURCES:
  CommonSwift:
    :branch: dev
    :git: https://github.com/sublabdev/common-swift.git
  ScaleCodecSwift:
    :path: "../"

CHECKOUT OPTIONS:
  CommonSwift:
    :commit: c155bb1988f93f209824eff566617d1d61f9a3ec
    :git: https://github.com/sublabdev/common-swift.git

SPEC CHECKSUMS:
  BigInt: 76b5dfdfa3e2e478d4ffdf161aeede5502e2742f
  CommonSwift: 74d8b4fb289ee38027278d41d84bfac3843da660
  ScaleCodecSwift: 3ab853667fe800bd2e6867490a30136fc5bc0b15
  SipHash: fad90a4683e420c52ef28063063dbbce248ea6d4

PODFILE CHECKSUM: 1a95faa77d7a036005bcfe079d3f5c22b423b9c7

COCOAPODS: 1.11.3
